{
  "name": "setup-gh-cli-action",
  "version": "2.0.0",
  "lockfileVersion": 3,
  "requires": true,
  "packages": {
    "": {
      "name": "setup-gh-cli-action",
      "version": "2.0.0",
      "license": "Apache-2.0",
      "dependencies": {
        "@actions/core": "^1.11.1",
        "@actions/exec": "^1.1.1",
        "@actions/tool-cache": "^2.0.1",
        "@octokit/rest": "^21.0.2",
        "axios": "^1.7.7",
        "semver": "^7.6.3",
        "ts-node": "^10.9.2"
      },
      "devDependencies": {
        "@tsconfig/node20": "^20.1.4",
        "@types/node": "^22.12.0",
        "@types/semver": "^7.5.8",
        "@vercel/ncc": "^0.38.3",
        "typescript": "^5.6.3"
      },
      "engines": {
        "node": ">=20"
      }
    },
    "node_modules/@actions/core": {
      "version": "1.11.1",
      "resolved": "https://registry.npmjs.org/@actions/core/-/core-1.11.1.tgz",
      "integrity": "sha512-hXJCSrkwfA46Vd9Z3q4cpEpHB1rL5NG04+/rbqW9d3+CSvtB1tYe8UTpAlixa1vj0m/ULglfEK2UKxMGxCxv5A==",
      "dependencies": {
        "@actions/exec": "^1.1.1",
        "@actions/http-client": "^2.0.1"
      }
    },
    "node_modules/@actions/exec": {
      "version": "1.1.1",
      "resolved": "https://registry.npmjs.org/@actions/exec/-/exec-1.1.1.tgz",
      "integrity": "sha512-+sCcHHbVdk93a0XT19ECtO/gIXoxvdsgQLzb2fE2/5sIZmWQuluYyjPQtrtTHdU1YzTZ7bAPN4sITq2xi1679w==",
      "dependencies": {
        "@actions/io": "^1.0.1"
      }
    },
    "node_modules/@actions/http-client": {
      "version": "2.2.0",
      "resolved": "https://registry.npmjs.org/@actions/http-client/-/http-client-2.2.0.tgz",
      "integrity": "sha512-q+epW0trjVUUHboliPb4UF9g2msf+w61b32tAkFEwL/IwP0DQWgbCMM0Hbe3e3WXSKz5VcUXbzJQgy8Hkra/Lg==",
      "dependencies": {
        "tunnel": "^0.0.6",
        "undici": "^5.25.4"
      }
    },
    "node_modules/@actions/io": {
      "version": "1.1.3",
      "resolved": "https://registry.npmjs.org/@actions/io/-/io-1.1.3.tgz",
      "integrity": "sha512-wi9JjgKLYS7U/z8PPbco+PvTb/nRWjeoFlJ1Qer83k/3C5PHQi28hiVdeE2kHXmIL99mQFawx8qt/JPjZilJ8Q=="
    },
    "node_modules/@actions/tool-cache": {
      "version": "2.0.1",
      "resolved": "https://registry.npmjs.org/@actions/tool-cache/-/tool-cache-2.0.1.tgz",
      "integrity": "sha512-iPU+mNwrbA8jodY8eyo/0S/QqCKDajiR8OxWTnSk/SnYg0sj8Hp4QcUEVC1YFpHWXtrfbQrE13Jz4k4HXJQKcA==",
      "dependencies": {
        "@actions/core": "^1.2.6",
        "@actions/exec": "^1.0.0",
        "@actions/http-client": "^2.0.1",
        "@actions/io": "^1.1.1",
        "semver": "^6.1.0",
        "uuid": "^3.3.2"
      }
    },
    "node_modules/@actions/tool-cache/node_modules/semver": {
      "version": "6.3.1",
      "resolved": "https://registry.npmjs.org/semver/-/semver-6.3.1.tgz",
      "integrity": "sha512-BR7VvDCVHO+q2xBEWskxS6DJE1qRnb7DxzUrogb71CWoSficBxYsiAGd+Kl0mmq/MprG9yArRkyrQxTO6XjMzA==",
      "bin": {
        "semver": "bin/semver.js"
      }
    },
    "node_modules/@actions/tool-cache/node_modules/uuid": {
      "version": "3.4.0",
      "resolved": "https://registry.npmjs.org/uuid/-/uuid-3.4.0.tgz",
      "integrity": "sha512-HjSDRw6gZE5JMggctHBcjVak08+KEVhSIiDzFnT9S9aegmp85S/bReBVTb4QTFaRNptJ9kuYaNhnbNEOkbKb/A==",
      "deprecated": "Please upgrade  to version 7 or higher.  Older versions may use Math.random() in certain circumstances, which is known to be problematic.  See https://v8.dev/blog/math-random for details.",
      "bin": {
        "uuid": "bin/uuid"
      }
    },
    "node_modules/@cspotcode/source-map-support": {
      "version": "0.8.1",
      "resolved": "https://registry.npmjs.org/@cspotcode/source-map-support/-/source-map-support-0.8.1.tgz",
      "integrity": "sha512-IchNf6dN4tHoMFIn/7OE8LWZ19Y6q/67Bmf6vnGREv8RSbBVb9LPJxEcnwrcwX6ixSvaiGoomAUvu4YSxXrVgw==",
      "license": "MIT",
      "dependencies": {
        "@jridgewell/trace-mapping": "0.3.9"
      },
      "engines": {
        "node": ">=12"
      }
    },
    "node_modules/@fastify/busboy": {
      "version": "2.0.0",
      "resolved": "https://registry.npmjs.org/@fastify/busboy/-/busboy-2.0.0.tgz",
      "integrity": "sha512-JUFJad5lv7jxj926GPgymrWQxxjPYuJNiNjNMzqT+HiuP6Vl3dk5xzG+8sTX96np0ZAluvaMzPsjhHZ5rNuNQQ==",
      "engines": {
        "node": ">=14"
      }
    },
    "node_modules/@jridgewell/resolve-uri": {
      "version": "3.1.2",
      "resolved": "https://registry.npmjs.org/@jridgewell/resolve-uri/-/resolve-uri-3.1.2.tgz",
      "integrity": "sha512-bRISgCIjP20/tbWSPWMEi54QVPRZExkuD9lJL+UIxUKtwVJA8wW1Trb1jMs1RFXo1CBTNZ/5hpC9QvmKWdopKw==",
      "license": "MIT",
      "engines": {
        "node": ">=6.0.0"
      }
    },
    "node_modules/@jridgewell/sourcemap-codec": {
      "version": "1.5.0",
      "resolved": "https://registry.npmjs.org/@jridgewell/sourcemap-codec/-/sourcemap-codec-1.5.0.tgz",
      "integrity": "sha512-gv3ZRaISU3fjPAgNsriBRqGWQL6quFx04YMPW/zD8XMLsU32mhCCbfbO6KZFLjvYpCZ8zyDEgqsgf+PwPaM7GQ==",
      "license": "MIT"
    },
    "node_modules/@jridgewell/trace-mapping": {
      "version": "0.3.9",
      "resolved": "https://registry.npmjs.org/@jridgewell/trace-mapping/-/trace-mapping-0.3.9.tgz",
      "integrity": "sha512-3Belt6tdc8bPgAtbcmdtNJlirVoTmEb5e2gC94PnkwEW9jI6CAHUeoG85tjWP5WquqfavoMtMwiG4P926ZKKuQ==",
      "license": "MIT",
      "dependencies": {
        "@jridgewell/resolve-uri": "^3.0.3",
        "@jridgewell/sourcemap-codec": "^1.4.10"
      }
    },
    "node_modules/@octokit/auth-token": {
      "version": "4.0.0",
      "resolved": "https://registry.npmjs.org/@octokit/auth-token/-/auth-token-4.0.0.tgz",
      "integrity": "sha512-tY/msAuJo6ARbK6SPIxZrPBms3xPbfwBrulZe0Wtr/DIY9lje2HeV1uoebShn6mx7SjCHif6EjMvoREj+gZ+SA==",
      "peer": true,
      "engines": {
        "node": ">= 18"
      }
    },
    "node_modules/@octokit/core": {
      "version": "5.1.0",
      "resolved": "https://registry.npmjs.org/@octokit/core/-/core-5.1.0.tgz",
      "integrity": "sha512-BDa2VAMLSh3otEiaMJ/3Y36GU4qf6GI+VivQ/P41NC6GHcdxpKlqV0ikSZ5gdQsmS3ojXeRx5vasgNTinF0Q4g==",
      "peer": true,
      "dependencies": {
        "@octokit/auth-token": "^4.0.0",
        "@octokit/graphql": "^7.0.0",
        "@octokit/request": "^8.0.2",
        "@octokit/request-error": "^5.0.0",
        "@octokit/types": "^12.0.0",
        "before-after-hook": "^2.2.0",
        "universal-user-agent": "^6.0.0"
      },
      "engines": {
        "node": ">= 18"
      }
    },
    "node_modules/@octokit/endpoint": {
      "version": "9.0.1",
      "resolved": "https://registry.npmjs.org/@octokit/endpoint/-/endpoint-9.0.1.tgz",
      "integrity": "sha512-hRlOKAovtINHQPYHZlfyFwaM8OyetxeoC81lAkBy34uLb8exrZB50SQdeW3EROqiY9G9yxQTpp5OHTV54QD+vA==",
      "peer": true,
      "dependencies": {
        "@octokit/types": "^12.0.0",
        "is-plain-object": "^5.0.0",
        "universal-user-agent": "^6.0.0"
      },
      "engines": {
        "node": ">= 18"
      }
    },
    "node_modules/@octokit/graphql": {
      "version": "7.0.2",
      "resolved": "https://registry.npmjs.org/@octokit/graphql/-/graphql-7.0.2.tgz",
      "integrity": "sha512-OJ2iGMtj5Tg3s6RaXH22cJcxXRi7Y3EBqbHTBRq+PQAqfaS8f/236fUrWhfSn8P4jovyzqucxme7/vWSSZBX2Q==",
      "peer": true,
      "dependencies": {
        "@octokit/request": "^8.0.1",
        "@octokit/types": "^12.0.0",
        "universal-user-agent": "^6.0.0"
      },
      "engines": {
        "node": ">= 18"
      }
    },
    "node_modules/@octokit/openapi-types": {
      "version": "20.0.0",
      "resolved": "https://registry.npmjs.org/@octokit/openapi-types/-/openapi-types-20.0.0.tgz",
      "integrity": "sha512-EtqRBEjp1dL/15V7WiX5LJMIxxkdiGJnabzYx5Apx4FkQIFgAfKumXeYAqqJCj1s+BMX4cPFIFC4OLCR6stlnA==",
      "peer": true
    },
    "node_modules/@octokit/plugin-paginate-rest": {
      "version": "11.3.1",
      "resolved": "https://registry.npmjs.org/@octokit/plugin-paginate-rest/-/plugin-paginate-rest-11.3.1.tgz",
      "integrity": "sha512-ryqobs26cLtM1kQxqeZui4v8FeznirUsksiA+RYemMPJ7Micju0WSkv50dBksTuZks9O5cg4wp+t8fZ/cLY56g==",
      "dependencies": {
        "@octokit/types": "^13.5.0"
      },
      "engines": {
        "node": ">= 18"
      },
      "peerDependencies": {
        "@octokit/core": "5"
      }
    },
    "node_modules/@octokit/plugin-paginate-rest/node_modules/@octokit/openapi-types": {
      "version": "22.2.0",
      "resolved": "https://registry.npmjs.org/@octokit/openapi-types/-/openapi-types-22.2.0.tgz",
      "integrity": "sha512-QBhVjcUa9W7Wwhm6DBFu6ZZ+1/t/oYxqc2tp81Pi41YNuJinbFRx8B133qVOrAaBbF7D/m0Et6f9/pZt9Rc+tg=="
    },
    "node_modules/@octokit/plugin-paginate-rest/node_modules/@octokit/types": {
      "version": "13.5.0",
      "resolved": "https://registry.npmjs.org/@octokit/types/-/types-13.5.0.tgz",
      "integrity": "sha512-HdqWTf5Z3qwDVlzCrP8UJquMwunpDiMPt5er+QjGzL4hqr/vBVY/MauQgS1xWxCDT1oMx1EULyqxncdCY/NVSQ==",
      "dependencies": {
        "@octokit/openapi-types": "^22.2.0"
      }
    },
    "node_modules/@octokit/plugin-rest-endpoint-methods": {
      "version": "13.2.2",
      "resolved": "https://registry.npmjs.org/@octokit/plugin-rest-endpoint-methods/-/plugin-rest-endpoint-methods-13.2.2.tgz",
      "integrity": "sha512-EI7kXWidkt3Xlok5uN43suK99VWqc8OaIMktY9d9+RNKl69juoTyxmLoWPIZgJYzi41qj/9zU7G/ljnNOJ5AFA==",
      "dependencies": {
        "@octokit/types": "^13.5.0"
      },
      "engines": {
        "node": ">= 18"
      },
      "peerDependencies": {
        "@octokit/core": "^5"
      }
    },
    "node_modules/@octokit/plugin-rest-endpoint-methods/node_modules/@octokit/openapi-types": {
      "version": "22.2.0",
      "resolved": "https://registry.npmjs.org/@octokit/openapi-types/-/openapi-types-22.2.0.tgz",
      "integrity": "sha512-QBhVjcUa9W7Wwhm6DBFu6ZZ+1/t/oYxqc2tp81Pi41YNuJinbFRx8B133qVOrAaBbF7D/m0Et6f9/pZt9Rc+tg=="
    },
    "node_modules/@octokit/plugin-rest-endpoint-methods/node_modules/@octokit/types": {
      "version": "13.5.0",
      "resolved": "https://registry.npmjs.org/@octokit/types/-/types-13.5.0.tgz",
      "integrity": "sha512-HdqWTf5Z3qwDVlzCrP8UJquMwunpDiMPt5er+QjGzL4hqr/vBVY/MauQgS1xWxCDT1oMx1EULyqxncdCY/NVSQ==",
      "dependencies": {
        "@octokit/openapi-types": "^22.2.0"
      }
    },
    "node_modules/@octokit/request": {
      "version": "8.1.4",
      "resolved": "https://registry.npmjs.org/@octokit/request/-/request-8.1.4.tgz",
      "integrity": "sha512-M0aaFfpGPEKrg7XoA/gwgRvc9MSXHRO2Ioki1qrPDbl1e9YhjIwVoHE7HIKmv/m3idzldj//xBujcFNqGX6ENA==",
      "peer": true,
      "dependencies": {
        "@octokit/endpoint": "^9.0.0",
        "@octokit/request-error": "^5.0.0",
        "@octokit/types": "^12.0.0",
        "is-plain-object": "^5.0.0",
        "universal-user-agent": "^6.0.0"
      },
      "engines": {
        "node": ">= 18"
      }
    },
    "node_modules/@octokit/request-error": {
      "version": "5.0.1",
      "resolved": "https://registry.npmjs.org/@octokit/request-error/-/request-error-5.0.1.tgz",
      "integrity": "sha512-X7pnyTMV7MgtGmiXBwmO6M5kIPrntOXdyKZLigNfQWSEQzVxR4a4vo49vJjTWX70mPndj8KhfT4Dx+2Ng3vnBQ==",
      "peer": true,
      "dependencies": {
        "@octokit/types": "^12.0.0",
        "deprecation": "^2.0.0",
        "once": "^1.4.0"
      },
      "engines": {
        "node": ">= 18"
      }
    },
    "node_modules/@octokit/rest": {
      "version": "21.0.2",
      "resolved": "https://registry.npmjs.org/@octokit/rest/-/rest-21.0.2.tgz",
      "integrity": "sha512-+CiLisCoyWmYicH25y1cDfCrv41kRSvTq6pPWtRroRJzhsCZWZyCqGyI8foJT5LmScADSwRAnr/xo+eewL04wQ==",
      "dependencies": {
        "@octokit/core": "^6.1.2",
        "@octokit/plugin-paginate-rest": "^11.0.0",
        "@octokit/plugin-request-log": "^5.3.1",
        "@octokit/plugin-rest-endpoint-methods": "^13.0.0"
      },
      "engines": {
        "node": ">= 18"
      }
    },
    "node_modules/@octokit/rest/node_modules/@octokit/auth-token": {
      "version": "5.1.1",
      "resolved": "https://registry.npmjs.org/@octokit/auth-token/-/auth-token-5.1.1.tgz",
      "integrity": "sha512-rh3G3wDO8J9wSjfI436JUKzHIxq8NaiL0tVeB2aXmG6p/9859aUOAjA9pmSPNGGZxfwmaJ9ozOJImuNVJdpvbA==",
      "engines": {
        "node": ">= 18"
      }
    },
    "node_modules/@octokit/rest/node_modules/@octokit/core": {
      "version": "6.1.2",
      "resolved": "https://registry.npmjs.org/@octokit/core/-/core-6.1.2.tgz",
      "integrity": "sha512-hEb7Ma4cGJGEUNOAVmyfdB/3WirWMg5hDuNFVejGEDFqupeOysLc2sG6HJxY2etBp5YQu5Wtxwi020jS9xlUwg==",
      "dependencies": {
        "@octokit/auth-token": "^5.0.0",
        "@octokit/graphql": "^8.0.0",
        "@octokit/request": "^9.0.0",
        "@octokit/request-error": "^6.0.1",
        "@octokit/types": "^13.0.0",
        "before-after-hook": "^3.0.2",
        "universal-user-agent": "^7.0.0"
      },
      "engines": {
        "node": ">= 18"
      }
    },
    "node_modules/@octokit/rest/node_modules/@octokit/endpoint": {
      "version": "10.1.1",
      "resolved": "https://registry.npmjs.org/@octokit/endpoint/-/endpoint-10.1.1.tgz",
      "integrity": "sha512-JYjh5rMOwXMJyUpj028cu0Gbp7qe/ihxfJMLc8VZBMMqSwLgOxDI1911gV4Enl1QSavAQNJcwmwBF9M0VvLh6Q==",
      "dependencies": {
        "@octokit/types": "^13.0.0",
        "universal-user-agent": "^7.0.2"
      },
      "engines": {
        "node": ">= 18"
      }
    },
    "node_modules/@octokit/rest/node_modules/@octokit/graphql": {
      "version": "8.1.1",
      "resolved": "https://registry.npmjs.org/@octokit/graphql/-/graphql-8.1.1.tgz",
      "integrity": "sha512-ukiRmuHTi6ebQx/HFRCXKbDlOh/7xEV6QUXaE7MJEKGNAncGI/STSbOkl12qVXZrfZdpXctx5O9X1AIaebiDBg==",
      "dependencies": {
        "@octokit/request": "^9.0.0",
        "@octokit/types": "^13.0.0",
        "universal-user-agent": "^7.0.0"
      },
      "engines": {
        "node": ">= 18"
      }
    },
    "node_modules/@octokit/rest/node_modules/@octokit/openapi-types": {
      "version": "22.2.0",
      "resolved": "https://registry.npmjs.org/@octokit/openapi-types/-/openapi-types-22.2.0.tgz",
      "integrity": "sha512-QBhVjcUa9W7Wwhm6DBFu6ZZ+1/t/oYxqc2tp81Pi41YNuJinbFRx8B133qVOrAaBbF7D/m0Et6f9/pZt9Rc+tg=="
    },
    "node_modules/@octokit/rest/node_modules/@octokit/plugin-request-log": {
      "version": "5.3.1",
      "resolved": "https://registry.npmjs.org/@octokit/plugin-request-log/-/plugin-request-log-5.3.1.tgz",
      "integrity": "sha512-n/lNeCtq+9ofhC15xzmJCNKP2BWTv8Ih2TTy+jatNCCq/gQP/V7rK3fjIfuz0pDWDALO/o/4QY4hyOF6TQQFUw==",
      "engines": {
        "node": ">= 18"
      },
      "peerDependencies": {
        "@octokit/core": ">=6"
      }
    },
    "node_modules/@octokit/rest/node_modules/@octokit/request": {
      "version": "9.1.3",
      "resolved": "https://registry.npmjs.org/@octokit/request/-/request-9.1.3.tgz",
      "integrity": "sha512-V+TFhu5fdF3K58rs1pGUJIDH5RZLbZm5BI+MNF+6o/ssFNT4vWlCh/tVpF3NxGtP15HUxTTMUbsG5llAuU2CZA==",
      "dependencies": {
        "@octokit/endpoint": "^10.0.0",
        "@octokit/request-error": "^6.0.1",
        "@octokit/types": "^13.1.0",
        "universal-user-agent": "^7.0.2"
      },
      "engines": {
        "node": ">= 18"
      }
    },
    "node_modules/@octokit/rest/node_modules/@octokit/request-error": {
      "version": "6.1.4",
      "resolved": "https://registry.npmjs.org/@octokit/request-error/-/request-error-6.1.4.tgz",
      "integrity": "sha512-VpAhIUxwhWZQImo/dWAN/NpPqqojR6PSLgLYAituLM6U+ddx9hCioFGwBr5Mi+oi5CLeJkcAs3gJ0PYYzU6wUg==",
      "dependencies": {
        "@octokit/types": "^13.0.0"
      },
      "engines": {
        "node": ">= 18"
      }
    },
    "node_modules/@octokit/rest/node_modules/@octokit/types": {
      "version": "13.5.0",
      "resolved": "https://registry.npmjs.org/@octokit/types/-/types-13.5.0.tgz",
      "integrity": "sha512-HdqWTf5Z3qwDVlzCrP8UJquMwunpDiMPt5er+QjGzL4hqr/vBVY/MauQgS1xWxCDT1oMx1EULyqxncdCY/NVSQ==",
      "dependencies": {
        "@octokit/openapi-types": "^22.2.0"
      }
    },
    "node_modules/@octokit/rest/node_modules/before-after-hook": {
      "version": "3.0.2",
      "resolved": "https://registry.npmjs.org/before-after-hook/-/before-after-hook-3.0.2.tgz",
      "integrity": "sha512-Nik3Sc0ncrMK4UUdXQmAnRtzmNQTAAXmXIopizwZ1W1t8QmfJj+zL4OA2I7XPTPW5z5TDqv4hRo/JzouDJnX3A=="
    },
    "node_modules/@octokit/rest/node_modules/universal-user-agent": {
      "version": "7.0.2",
      "resolved": "https://registry.npmjs.org/universal-user-agent/-/universal-user-agent-7.0.2.tgz",
      "integrity": "sha512-0JCqzSKnStlRRQfCdowvqy3cy0Dvtlb8xecj/H8JFZuCze4rwjPZQOgvFvn0Ws/usCHQFGpyr+pB9adaGwXn4Q=="
    },
    "node_modules/@octokit/types": {
      "version": "12.6.0",
      "resolved": "https://registry.npmjs.org/@octokit/types/-/types-12.6.0.tgz",
      "integrity": "sha512-1rhSOfRa6H9w4YwK0yrf5faDaDTb+yLyBUKOCV4xtCDB5VmIPqd/v9yr9o6SAzOAlRxMiRiCic6JVM1/kunVkw==",
      "peer": true,
      "dependencies": {
        "@octokit/openapi-types": "^20.0.0"
      }
    },
    "node_modules/@tsconfig/node10": {
      "version": "1.0.11",
      "resolved": "https://registry.npmjs.org/@tsconfig/node10/-/node10-1.0.11.tgz",
      "integrity": "sha512-DcRjDCujK/kCk/cUe8Xz8ZSpm8mS3mNNpta+jGCA6USEDfktlNvm1+IuZ9eTcDbNk41BHwpHHeW+N1lKCz4zOw==",
      "license": "MIT"
    },
    "node_modules/@tsconfig/node12": {
      "version": "1.0.11",
      "resolved": "https://registry.npmjs.org/@tsconfig/node12/-/node12-1.0.11.tgz",
      "integrity": "sha512-cqefuRsh12pWyGsIoBKJA9luFu3mRxCA+ORZvA4ktLSzIuCUtWVxGIuXigEwO5/ywWFMZ2QEGKWvkZG1zDMTag==",
      "license": "MIT"
    },
    "node_modules/@tsconfig/node14": {
      "version": "1.0.3",
      "resolved": "https://registry.npmjs.org/@tsconfig/node14/-/node14-1.0.3.tgz",
      "integrity": "sha512-ysT8mhdixWK6Hw3i1V2AeRqZ5WfXg1G43mqoYlM2nc6388Fq5jcXyr5mRsqViLx/GJYdoL0bfXD8nmF+Zn/Iow==",
      "license": "MIT"
    },
    "node_modules/@tsconfig/node16": {
      "version": "1.0.4",
      "resolved": "https://registry.npmjs.org/@tsconfig/node16/-/node16-1.0.4.tgz",
      "integrity": "sha512-vxhUy4J8lyeyinH7Azl1pdd43GJhZH/tP2weN8TntQblOY+A0XbT8DJk1/oCPuOOyg/Ja757rG0CgHcWC8OfMA==",
      "license": "MIT"
    },
    "node_modules/@tsconfig/node20": {
      "version": "20.1.4",
      "resolved": "https://registry.npmjs.org/@tsconfig/node20/-/node20-20.1.4.tgz",
      "integrity": "sha512-sqgsT69YFeLWf5NtJ4Xq/xAF8p4ZQHlmGW74Nu2tD4+g5fAsposc4ZfaaPixVu4y01BEiDCWLRDCvDM5JOsRxg==",
      "dev": true,
      "license": "MIT"
    },
    "node_modules/@types/node": {
      "version": "22.12.0",
      "resolved": "https://registry.npmjs.org/@types/node/-/node-22.12.0.tgz",
      "integrity": "sha512-Fll2FZ1riMjNmlmJOdAyY5pUbkftXslB5DgEzlIuNaiWhXd00FhWxVC/r4yV/4wBb9JfImTu+jiSvXTkJ7F/gA==",
      "license": "MIT",
      "dependencies": {
        "undici-types": "~6.20.0"
      }
    },
    "node_modules/@types/semver": {
      "version": "7.5.8",
      "resolved": "https://registry.npmjs.org/@types/semver/-/semver-7.5.8.tgz",
      "integrity": "sha512-I8EUhyrgfLrcTkzV3TSsGyl1tSuPrEDzr0yd5m90UgNxQkyDXULk3b6MlQqTCpZpNtWe1K0hzclnZkTcLBe2UQ==",
      "dev": true
    },
    "node_modules/@vercel/ncc": {
      "version": "0.38.3",
      "resolved": "https://registry.npmjs.org/@vercel/ncc/-/ncc-0.38.3.tgz",
      "integrity": "sha512-rnK6hJBS6mwc+Bkab+PGPs9OiS0i/3kdTO+CkI8V0/VrW3vmz7O2Pxjw/owOlmo6PKEIxRSeZKv/kuL9itnpYA==",
      "dev": true,
      "bin": {
        "ncc": "dist/ncc/cli.js"
      }
    },
    "node_modules/acorn": {
      "version": "8.14.0",
      "resolved": "https://registry.npmjs.org/acorn/-/acorn-8.14.0.tgz",
      "integrity": "sha512-cl669nCJTZBsL97OF4kUQm5g5hC2uihk0NxY3WENAC0TYdILVkAyHymAntgxGkl7K+t0cXIrH5siy5S4XkFycA==",
      "license": "MIT",
      "bin": {
        "acorn": "bin/acorn"
      },
      "engines": {
        "node": ">=0.4.0"
      }
    },
    "node_modules/acorn-walk": {
      "version": "8.3.4",
      "resolved": "https://registry.npmjs.org/acorn-walk/-/acorn-walk-8.3.4.tgz",
      "integrity": "sha512-ueEepnujpqee2o5aIYnvHU6C0A42MNdsIDeqy5BydrkuC5R1ZuUFnm27EeFJGoEHJQgn3uleRvmTXaJgfXbt4g==",
      "license": "MIT",
      "dependencies": {
        "acorn": "^8.11.0"
      },
      "engines": {
        "node": ">=0.4.0"
      }
    },
    "node_modules/arg": {
      "version": "4.1.3",
      "resolved": "https://registry.npmjs.org/arg/-/arg-4.1.3.tgz",
      "integrity": "sha512-58S9QDqG0Xx27YwPSt9fJxivjYl432YCwfDMfZ+71RAqUrZef7LrKQZ3LHLOwCS4FLNBplP533Zx895SeOCHvA==",
      "license": "MIT"
    },
    "node_modules/asynckit": {
      "version": "0.4.0",
      "resolved": "https://registry.npmjs.org/asynckit/-/asynckit-0.4.0.tgz",
      "integrity": "sha512-Oei9OH4tRh0YqU3GxhX79dM/mwVgvbZJaSNaRk+bshkj0S5cfHcgYakreBjrHwatXKbz+IoIdYLxrKim2MjW0Q==",
      "license": "MIT"
    },
    "node_modules/axios": {
      "version": "1.7.7",
      "resolved": "https://registry.npmjs.org/axios/-/axios-1.7.7.tgz",
      "integrity": "sha512-S4kL7XrjgBmvdGut0sN3yJxqYzrDOnivkBiN0OFs6hLiUam3UPvswUo0kqGyhqUZGEOytHyumEdXsAkgCOUf3Q==",
      "license": "MIT",
      "dependencies": {
        "follow-redirects": "^1.15.6",
        "form-data": "^4.0.0",
        "proxy-from-env": "^1.1.0"
      }
    },
    "node_modules/before-after-hook": {
      "version": "2.2.3",
      "resolved": "https://registry.npmjs.org/before-after-hook/-/before-after-hook-2.2.3.tgz",
      "integrity": "sha512-NzUnlZexiaH/46WDhANlyR2bXRopNg4F/zuSA3OpZnllCUgRaOF2znDioDWrmbNVsuZk6l9pMquQB38cfBZwkQ==",
      "peer": true
    },
    "node_modules/combined-stream": {
      "version": "1.0.8",
      "resolved": "https://registry.npmjs.org/combined-stream/-/combined-stream-1.0.8.tgz",
      "integrity": "sha512-FQN4MRfuJeHf7cBbBMJFXhKSDq+2kAArBlmRBvcvFE5BB1HZKXtSFASDhdlz9zOYwxh8lDdnvmMOe/+5cdoEdg==",
      "license": "MIT",
      "dependencies": {
        "delayed-stream": "~1.0.0"
      },
      "engines": {
        "node": ">= 0.8"
      }
    },
    "node_modules/create-require": {
      "version": "1.1.1",
      "resolved": "https://registry.npmjs.org/create-require/-/create-require-1.1.1.tgz",
      "integrity": "sha512-dcKFX3jn0MpIaXjisoRvexIJVEKzaq7z2rZKxf+MSr9TkdmHmsU4m2lcLojrj/FHl8mk5VxMmYA+ftRkP/3oKQ==",
      "license": "MIT"
    },
    "node_modules/delayed-stream": {
      "version": "1.0.0",
      "resolved": "https://registry.npmjs.org/delayed-stream/-/delayed-stream-1.0.0.tgz",
      "integrity": "sha512-ZySD7Nf91aLB0RxL4KGrKHBXl7Eds1DAmEdcoVawXnLD7SDhpNgtuII2aAkg7a7QS41jxPSZ17p4VdGnMHk3MQ==",
      "license": "MIT",
      "engines": {
        "node": ">=0.4.0"
      }
    },
    "node_modules/deprecation": {
      "version": "2.3.1",
      "resolved": "https://registry.npmjs.org/deprecation/-/deprecation-2.3.1.tgz",
      "integrity": "sha512-xmHIy4F3scKVwMsQ4WnVaS8bHOx0DmVwRywosKhaILI0ywMDWPtBSku2HNxRvF7jtwDRsoEwYQSfbxj8b7RlJQ==",
      "peer": true
    },
    "node_modules/diff": {
      "version": "4.0.2",
      "resolved": "https://registry.npmjs.org/diff/-/diff-4.0.2.tgz",
      "integrity": "sha512-58lmxKSA4BNyLz+HHMUzlOEpg09FV+ev6ZMe3vJihgdxzgcwZ8VoEEPmALCZG9LmqfVoNMMKpttIYTVG6uDY7A==",
      "license": "BSD-3-Clause",
      "engines": {
        "node": ">=0.3.1"
      }
    },
    "node_modules/follow-redirects": {
      "version": "1.15.9",
      "resolved": "https://registry.npmjs.org/follow-redirects/-/follow-redirects-1.15.9.tgz",
      "integrity": "sha512-gew4GsXizNgdoRyqmyfMHyAmXsZDk6mHkSxZFCzW9gwlbtOW44CDtYavM+y+72qD/Vq2l550kMF52DT8fOLJqQ==",
      "funding": [
        {
          "type": "individual",
          "url": "https://github.com/sponsors/RubenVerborgh"
        }
      ],
      "license": "MIT",
      "engines": {
        "node": ">=4.0"
      },
      "peerDependenciesMeta": {
        "debug": {
          "optional": true
        }
      }
    },
    "node_modules/form-data": {
      "version": "4.0.1",
      "resolved": "https://registry.npmjs.org/form-data/-/form-data-4.0.1.tgz",
      "integrity": "sha512-tzN8e4TX8+kkxGPK8D5u0FNmjPUjw3lwC9lSLxxoB/+GtsJG91CO8bSWy73APlgAZzZbXEYZJuxjkHH2w+Ezhw==",
      "license": "MIT",
      "dependencies": {
        "asynckit": "^0.4.0",
        "combined-stream": "^1.0.8",
        "mime-types": "^2.1.12"
      },
      "engines": {
        "node": ">= 6"
      }
    },
    "node_modules/is-plain-object": {
      "version": "5.0.0",
      "resolved": "https://registry.npmjs.org/is-plain-object/-/is-plain-object-5.0.0.tgz",
      "integrity": "sha512-VRSzKkbMm5jMDoKLbltAkFQ5Qr7VDiTFGXxYFXXowVj387GeGNOCsOH6Msy00SGZ3Fp84b1Naa1psqgcCIEP5Q==",
      "peer": true,
      "engines": {
        "node": ">=0.10.0"
      }
    },
    "node_modules/make-error": {
      "version": "1.3.6",
      "resolved": "https://registry.npmjs.org/make-error/-/make-error-1.3.6.tgz",
      "integrity": "sha512-s8UhlNe7vPKomQhC1qFelMokr/Sc3AgNbso3n74mVPA5LTZwkB9NlXf4XPamLxJE8h0gh73rM94xvwRT2CVInw==",
      "license": "ISC"
    },
    "node_modules/mime-db": {
      "version": "1.52.0",
      "resolved": "https://registry.npmjs.org/mime-db/-/mime-db-1.52.0.tgz",
      "integrity": "sha512-sPU4uV7dYlvtWJxwwxHD0PuihVNiE7TyAbQ5SWxDCB9mUYvOgroQOwYQQOKPJ8CIbE+1ETVlOoK1UC2nU3gYvg==",
      "license": "MIT",
      "engines": {
        "node": ">= 0.6"
      }
    },
    "node_modules/mime-types": {
      "version": "2.1.35",
      "resolved": "https://registry.npmjs.org/mime-types/-/mime-types-2.1.35.tgz",
      "integrity": "sha512-ZDY+bPm5zTTF+YpCrAU9nK0UgICYPT0QtT1NZWFv4s++TNkcgVaT0g6+4R2uI4MjQjzysHB1zxuWL50hzaeXiw==",
      "license": "MIT",
      "dependencies": {
        "mime-db": "1.52.0"
      },
      "engines": {
        "node": ">= 0.6"
      }
    },
    "node_modules/once": {
      "version": "1.4.0",
      "resolved": "https://registry.npmjs.org/once/-/once-1.4.0.tgz",
      "integrity": "sha512-lNaJgI+2Q5URQBkccEKHTQOPaXdUxnZZElQTZY0MFUAuaEqe1E+Nyvgdz/aIyNi6Z9MzO5dv1H8n58/GELp3+w==",
      "peer": true,
      "dependencies": {
        "wrappy": "1"
      }
    },
    "node_modules/proxy-from-env": {
      "version": "1.1.0",
      "resolved": "https://registry.npmjs.org/proxy-from-env/-/proxy-from-env-1.1.0.tgz",
      "integrity": "sha512-D+zkORCbA9f1tdWRK0RaCR3GPv50cMxcrz4X8k5LTSUD1Dkw47mKJEZQNunItRTkWwgtaUSo1RVFRIG9ZXiFYg==",
      "license": "MIT"
    },
    "node_modules/semver": {
      "version": "7.6.3",
      "resolved": "https://registry.npmjs.org/semver/-/semver-7.6.3.tgz",
      "integrity": "sha512-oVekP1cKtI+CTDvHWYFUcMtsK/00wmAEfyqKfNdARm8u1wNVhSgaX7A8d4UuIlUI5e84iEwOhs7ZPYRmzU9U6A==",
      "bin": {
        "semver": "bin/semver.js"
      },
      "engines": {
        "node": ">=10"
      }
    },
    "node_modules/ts-node": {
      "version": "10.9.2",
      "resolved": "https://registry.npmjs.org/ts-node/-/ts-node-10.9.2.tgz",
      "integrity": "sha512-f0FFpIdcHgn8zcPSbf1dRevwt047YMnaiJM3u2w2RewrB+fob/zePZcrOyQoLMMO7aBIddLcQIEK5dYjkLnGrQ==",
      "license": "MIT",
      "dependencies": {
        "@cspotcode/source-map-support": "^0.8.0",
        "@tsconfig/node10": "^1.0.7",
        "@tsconfig/node12": "^1.0.7",
        "@tsconfig/node14": "^1.0.0",
        "@tsconfig/node16": "^1.0.2",
        "acorn": "^8.4.1",
        "acorn-walk": "^8.1.1",
        "arg": "^4.1.0",
        "create-require": "^1.1.0",
        "diff": "^4.0.1",
        "make-error": "^1.1.1",
        "v8-compile-cache-lib": "^3.0.1",
        "yn": "3.1.1"
      },
      "bin": {
        "ts-node": "dist/bin.js",
        "ts-node-cwd": "dist/bin-cwd.js",
        "ts-node-esm": "dist/bin-esm.js",
        "ts-node-script": "dist/bin-script.js",
        "ts-node-transpile-only": "dist/bin-transpile.js",
        "ts-script": "dist/bin-script-deprecated.js"
      },
      "peerDependencies": {
        "@swc/core": ">=1.2.50",
        "@swc/wasm": ">=1.2.50",
        "@types/node": "*",
        "typescript": ">=2.7"
      },
      "peerDependenciesMeta": {
        "@swc/core": {
          "optional": true
        },
        "@swc/wasm": {
          "optional": true
        }
      }
    },
    "node_modules/tunnel": {
      "version": "0.0.6",
      "resolved": "https://registry.npmjs.org/tunnel/-/tunnel-0.0.6.tgz",
      "integrity": "sha512-1h/Lnq9yajKY2PEbBadPXj3VxsDDu844OnaAo52UVmIzIvwwtBPIuNvkjuzBlTWpfJyUbG3ez0KSBibQkj4ojg==",
      "engines": {
        "node": ">=0.6.11 <=0.7.0 || >=0.7.3"
      }
    },
    "node_modules/typescript": {
      "version": "5.6.3",
      "resolved": "https://registry.npmjs.org/typescript/-/typescript-5.6.3.tgz",
      "integrity": "sha512-hjcS1mhfuyi4WW8IWtjP7brDrG2cuDZukyrYrSauoXGNgx0S7zceP07adYkJycEr56BOUTNPzbInooiN3fn1qw==",
      "bin": {
        "tsc": "bin/tsc",
        "tsserver": "bin/tsserver"
      },
      "engines": {
        "node": ">=14.17"
      }
    },
    "node_modules/undici": {
      "version": "5.28.4",
      "resolved": "https://registry.npmjs.org/undici/-/undici-5.28.4.tgz",
      "integrity": "sha512-72RFADWFqKmUb2hmmvNODKL3p9hcB6Gt2DOQMis1SEBaV6a4MH8soBvzg+95CYhCKPFedut2JY9bMfrDl9D23g==",
      "dependencies": {
        "@fastify/busboy": "^2.0.0"
      },
      "engines": {
        "node": ">=14.0"
      }
    },
    "node_modules/undici-types": {
      "version": "6.20.0",
      "resolved": "https://registry.npmjs.org/undici-types/-/undici-types-6.20.0.tgz",
      "integrity": "sha512-Ny6QZ2Nju20vw1SRHe3d9jVu6gJ+4e3+MMpqu7pqE5HT6WsTSlce++GQmK5UXS8mzV8DSYHrQH+Xrf2jVcuKNg==",
      "license": "MIT"
    },
    "node_modules/universal-user-agent": {
      "version": "6.0.0",
      "resolved": "https://registry.npmjs.org/universal-user-agent/-/universal-user-agent-6.0.0.tgz",
      "integrity": "sha512-isyNax3wXoKaulPDZWHQqbmIx1k2tb9fb3GGDBRxCscfYV2Ch7WxPArBsFEG8s/safwXTT7H4QGhaIkTp9447w==",
      "peer": true
    },
    "node_modules/v8-compile-cache-lib": {
      "version": "3.0.1",
      "resolved": "https://registry.npmjs.org/v8-compile-cache-lib/-/v8-compile-cache-lib-3.0.1.tgz",
      "integrity": "sha512-wa7YjyUGfNZngI/vtK0UHAN+lgDCxBPCylVXGp0zu59Fz5aiGtNXaq3DhIov063MorB+VfufLh3JlF2KdTK3xg==",
      "license": "MIT"
    },
    "node_modules/wrappy": {
      "version": "1.0.2",
      "resolved": "https://registry.npmjs.org/wrappy/-/wrappy-1.0.2.tgz",
      "integrity": "sha512-l4Sp/DRseor9wL6EvV2+TuQn63dMkPjZ/sp9XkghTEbV9KlPS1xUsZ3u7/IQO4wxtcFB4bgpQPRcR3QCvezPcQ==",
      "peer": true
    },
    "node_modules/yn": {
      "version": "3.1.1",
      "resolved": "https://registry.npmjs.org/yn/-/yn-3.1.1.tgz",
      "integrity": "sha512-Ux4ygGWsu2c7isFWe8Yu1YluJmqVhxqK2cLXNQA5AcC3QfbGNpM7fu0Y8b/z16pXLnFxZYvWhd3fhBY9DLmC6Q==",
      "license": "MIT",
      "engines": {
        "node": ">=6"
      }
    }
  }
}
